
Microsoft Visual Studio Solution File, Format Version 12.00
# Visual Studio Version 17
VisualStudioVersion = 17.0.32112.339
MinimumVisualStudioVersion = 10.0.40219.1
Project("{FAE04EC0-301F-11D3-BF4B-00C04F79EFBC}") = "EmployeeManager", "EmployeeManager\EmployeeManager.csproj", "{751101ED-8436-4FEF-B245-C315E8FB1A26}"
EndProject
Project("{FAE04EC0-301F-11D3-BF4B-00C04F79EFBC}") = "APIEmployeeManager", "APIEmployeeManager\APIEmployeeManager.csproj", "{06F90D37-104A-44F8-AF4A-FF92581EBBF5}"
EndProject
Project("{FAE04EC0-301F-11D3-BF4B-00C04F79EFBC}") = "TestDBA", "TestDBA\TestDBA.csproj", "{5EFFCBA9-CE66-46F1-B945-F317B135A5DA}"
EndProject
Project("{FAE04EC0-301F-11D3-BF4B-00C04F79EFBC}") = "DBAEmployeeDepartment", "DBAEmployeeDepartment\DBAEmployeeDepartment.csproj", "{BBB54A60-1662-4BF9-8D46-F6767A6B6519}"
EndProject
Project("{FAE04EC0-301F-11D3-BF4B-00C04F79EFBC}") = "DTOEmployeeDepartment", "DTOEmployeeDepartment\DTOEmployeeDepartment.csproj", "{3E6AA6FB-2415-4A38-A45F-D67086D80D91}"
EndProject
Global
	GlobalSection(SolutionConfigurationPlatforms) = preSolution
		Debug|Any CPU = Debug|Any CPU
		Release|Any CPU = Release|Any CPU
	EndGlobalSection
	GlobalSection(ProjectConfigurationPlatforms) = postSolution
		{751101ED-8436-4FEF-B245-C315E8FB1A26}.Debug|Any CPU.ActiveCfg = Debug|Any CPU
		{751101ED-8436-4FEF-B245-C315E8FB1A26}.Debug|Any CPU.Build.0 = Debug|Any CPU
		{751101ED-8436-4FEF-B245-C315E8FB1A26}.Release|Any CPU.ActiveCfg = Release|Any CPU
		{751101ED-8436-4FEF-B245-C315E8FB1A26}.Release|Any CPU.Build.0 = Release|Any CPU
		{06F90D37-104A-44F8-AF4A-FF92581EBBF5}.Debug|Any CPU.ActiveCfg = Debug|Any CPU
		{06F90D37-104A-44F8-AF4A-FF92581EBBF5}.Debug|Any CPU.Build.0 = Debug|Any CPU
		{06F90D37-104A-44F8-AF4A-FF92581EBBF5}.Release|Any CPU.ActiveCfg = Release|Any CPU
		{06F90D37-104A-44F8-AF4A-FF92581EBBF5}.Release|Any CPU.Build.0 = Release|Any CPU
		{5EFFCBA9-CE66-46F1-B945-F317B135A5DA}.Debug|Any CPU.ActiveCfg = Debug|Any CPU
		{5EFFCBA9-CE66-46F1-B945-F317B135A5DA}.Debug|Any CPU.Build.0 = Debug|Any CPU
		{5EFFCBA9-CE66-46F1-B945-F317B135A5DA}.Release|Any CPU.ActiveCfg = Release|Any CPU
		{5EFFCBA9-CE66-46F1-B945-F317B135A5DA}.Release|Any CPU.Build.0 = Release|Any CPU
		{BBB54A60-1662-4BF9-8D46-F6767A6B6519}.Debug|Any CPU.ActiveCfg = Debug|Any CPU
		{BBB54A60-1662-4BF9-8D46-F6767A6B6519}.Debug|Any CPU.Build.0 = Debug|Any CPU
		{BBB54A60-1662-4BF9-8D46-F6767A6B6519}.Release|Any CPU.ActiveCfg = Release|Any CPU
		{BBB54A60-1662-4BF9-8D46-F6767A6B6519}.Release|Any CPU.Build.0 = Release|Any CPU
		{3E6AA6FB-2415-4A38-A45F-D67086D80D91}.Debug|Any CPU.ActiveCfg = Debug|Any CPU
		{3E6AA6FB-2415-4A38-A45F-D67086D80D91}.Debug|Any CPU.Build.0 = Debug|Any CPU
		{3E6AA6FB-2415-4A38-A45F-D67086D80D91}.Release|Any CPU.ActiveCfg = Release|Any CPU
		{3E6AA6FB-2415-4A38-A45F-D67086D80D91}.Release|Any CPU.Build.0 = Release|Any CPU
	EndGlobalSection
	GlobalSection(SolutionProperties) = preSolution
		HideSolutionNode = FALSE
	EndGlobalSection
	GlobalSection(ExtensibilityGlobals) = postSolution
		SolutionGuid = {041191FA-F1CF-4BE5-8BBF-7228974D2E7D}
	EndGlobalSection
EndGlobal
